{
    "name": "crowdstrike-falcon",
    "version": "0.0.2",
    "lockfileVersion": 2,
    "requires": true,
    "packages": {
        "": {
            "name": "crowdstrike-falcon",
            "version": "0.0.2",
            "license": "ISC",
            "dependencies": {
                "cross-fetch": "^3.1.4",
                "fetch-mw-oauth2": "^1.0.0"
            },
            "devDependencies": {
                "@types/node": "^17.0.8",
                "prettier": "^2.5.1",
                "typescript": "^4.5.4"
            }
        },
        "node_modules/@types/node": {
            "version": "17.0.8",
            "resolved": "https://registry.npmjs.org/@types/node/-/node-17.0.8.tgz",
            "integrity": "sha512-YofkM6fGv4gDJq78g4j0mMuGMkZVxZDgtU0JRdx6FgiJDG+0fY0GKVolOV8WqVmEhLCXkQRjwDdKyPxJp/uucg==",
            "dev": true
        },
        "node_modules/cross-fetch": {
            "version": "3.1.4",
            "resolved": "https://registry.npmjs.org/cross-fetch/-/cross-fetch-3.1.4.tgz",
            "integrity": "sha512-1eAtFWdIubi6T4XPy6ei9iUFoKpUkIF971QLN8lIvvvwueI65+Nw5haMNKUwfJxabqlIIDODJKGrQ66gxC0PbQ==",
            "dependencies": {
                "node-fetch": "2.6.1"
            }
        },
        "node_modules/fetch-mw-oauth2": {
            "version": "1.0.0",
            "resolved": "https://registry.npmjs.org/fetch-mw-oauth2/-/fetch-mw-oauth2-1.0.0.tgz",
            "integrity": "sha512-Go1epFchfJye/EKWYEpihDJF2p+U9lzeqyZl0hJHkKzNFQk2ffrw5y8mEjYNZjHYJjf31aJDQRVodWkJFiv0oA=="
        },
        "node_modules/node-fetch": {
            "version": "2.6.1",
            "resolved": "https://registry.npmjs.org/node-fetch/-/node-fetch-2.6.1.tgz",
            "integrity": "sha512-V4aYg89jEoVRxRb2fJdAg8FHvI7cEyYdVAh94HH0UIK8oJxUfkjlDQN9RbMx+bEjP7+ggMiFRprSti032Oipxw==",
            "engines": {
                "node": "4.x || >=6.0.0"
            }
        },
        "node_modules/prettier": {
            "version": "2.5.1",
            "resolved": "https://registry.npmjs.org/prettier/-/prettier-2.5.1.tgz",
            "integrity": "sha512-vBZcPRUR5MZJwoyi3ZoyQlc1rXeEck8KgeC9AwwOn+exuxLxq5toTRDTSaVrXHxelDMHy9zlicw8u66yxoSUFg==",
            "dev": true,
            "bin": {
                "prettier": "bin-prettier.js"
            },
            "engines": {
                "node": ">=10.13.0"
            }
        },
        "node_modules/typescript": {
            "version": "4.5.4",
            "resolved": "https://registry.npmjs.org/typescript/-/typescript-4.5.4.tgz",
            "integrity": "sha512-VgYs2A2QIRuGphtzFV7aQJduJ2gyfTljngLzjpfW9FoYZF6xuw1W0vW9ghCKLfcWrCFxK81CSGRAvS1pn4fIUg==",
            "dev": true,
            "bin": {
                "tsc": "bin/tsc",
                "tsserver": "bin/tsserver"
            },
            "engines": {
                "node": ">=4.2.0"
            }
        }
    },
    "dependencies": {
        "@types/node": {
            "version": "17.0.8",
            "resolved": "https://registry.npmjs.org/@types/node/-/node-17.0.8.tgz",
            "integrity": "sha512-YofkM6fGv4gDJq78g4j0mMuGMkZVxZDgtU0JRdx6FgiJDG+0fY0GKVolOV8WqVmEhLCXkQRjwDdKyPxJp/uucg==",
            "dev": true
        },
        "cross-fetch": {
            "version": "3.1.4",
            "resolved": "https://registry.npmjs.org/cross-fetch/-/cross-fetch-3.1.4.tgz",
            "integrity": "sha512-1eAtFWdIubi6T4XPy6ei9iUFoKpUkIF971QLN8lIvvvwueI65+Nw5haMNKUwfJxabqlIIDODJKGrQ66gxC0PbQ==",
            "requires": {
                "node-fetch": "2.6.1"
            }
        },
        "fetch-mw-oauth2": {
            "version": "1.0.0",
            "resolved": "https://registry.npmjs.org/fetch-mw-oauth2/-/fetch-mw-oauth2-1.0.0.tgz",
            "integrity": "sha512-Go1epFchfJye/EKWYEpihDJF2p+U9lzeqyZl0hJHkKzNFQk2ffrw5y8mEjYNZjHYJjf31aJDQRVodWkJFiv0oA=="
        },
        "node-fetch": {
            "version": "2.6.1",
            "resolved": "https://registry.npmjs.org/node-fetch/-/node-fetch-2.6.1.tgz",
            "integrity": "sha512-V4aYg89jEoVRxRb2fJdAg8FHvI7cEyYdVAh94HH0UIK8oJxUfkjlDQN9RbMx+bEjP7+ggMiFRprSti032Oipxw=="
        },
        "prettier": {
            "version": "2.5.1",
            "resolved": "https://registry.npmjs.org/prettier/-/prettier-2.5.1.tgz",
            "integrity": "sha512-vBZcPRUR5MZJwoyi3ZoyQlc1rXeEck8KgeC9AwwOn+exuxLxq5toTRDTSaVrXHxelDMHy9zlicw8u66yxoSUFg==",
            "dev": true
        },
        "typescript": {
            "version": "4.5.4",
            "resolved": "https://registry.npmjs.org/typescript/-/typescript-4.5.4.tgz",
            "integrity": "sha512-VgYs2A2QIRuGphtzFV7aQJduJ2gyfTljngLzjpfW9FoYZF6xuw1W0vW9ghCKLfcWrCFxK81CSGRAvS1pn4fIUg==",
            "dev": true
        }
    }
}
